
Microsoft Visual Studio Solution File, Format Version 12.00
# Visual Studio Version 17
VisualStudioVersion = 17.4.33110.190
MinimumVisualStudioVersion = 10.0.40219.1
Project("{FAE04EC0-301F-11D3-BF4B-00C04F79EFBC}") = "04-POOPracticaTodo", "04-POOPracticaTodo\04-POOPracticaTodo.csproj", "{267399EF-D0DA-4FC5-870F-9F285A3F6A94}"
EndProject
Global
	GlobalSection(SolutionConfigurationPlatforms) = preSolution
		Debug|Any CPU = Debug|Any CPU
		Release|Any CPU = Release|Any CPU
	EndGlobalSection
	GlobalSection(ProjectConfigurationPlatforms) = postSolution
		{267399EF-D0DA-4FC5-870F-9F285A3F6A94}.Debug|Any CPU.ActiveCfg = Debug|Any CPU
		{267399EF-D0DA-4FC5-870F-9F285A3F6A94}.Debug|Any CPU.Build.0 = Debug|Any CPU
		{267399EF-D0DA-4FC5-870F-9F285A3F6A94}.Release|Any CPU.ActiveCfg = Release|Any CPU
		{267399EF-D0DA-4FC5-870F-9F285A3F6A94}.Release|Any CPU.Build.0 = Release|Any CPU
	EndGlobalSection
	GlobalSection(SolutionProperties) = preSolution
		HideSolutionNode = FALSE
	EndGlobalSection
	GlobalSection(ExtensibilityGlobals) = postSolution
		SolutionGuid = {4B07B3CE-1E41-493A-8CC0-C548F76AD57F}
	EndGlobalSection
EndGlobal
