
Microsoft Visual Studio Solution File, Format Version 12.00
# Visual Studio Version 17
VisualStudioVersion = 17.4.33122.133
MinimumVisualStudioVersion = 10.0.40219.1
Project("{FAE04EC0-301F-11D3-BF4B-00C04F79EFBC}") = "09-Colecciones-List", "09-Colecciones-List\09-Colecciones-List.csproj", "{F19C940F-8047-4705-86A0-16324CF09CDE}"
EndProject
Global
	GlobalSection(SolutionConfigurationPlatforms) = preSolution
		Debug|Any CPU = Debug|Any CPU
		Release|Any CPU = Release|Any CPU
	EndGlobalSection
	GlobalSection(ProjectConfigurationPlatforms) = postSolution
		{F19C940F-8047-4705-86A0-16324CF09CDE}.Debug|Any CPU.ActiveCfg = Debug|Any CPU
		{F19C940F-8047-4705-86A0-16324CF09CDE}.Debug|Any CPU.Build.0 = Debug|Any CPU
		{F19C940F-8047-4705-86A0-16324CF09CDE}.Release|Any CPU.ActiveCfg = Release|Any CPU
		{F19C940F-8047-4705-86A0-16324CF09CDE}.Release|Any CPU.Build.0 = Release|Any CPU
	EndGlobalSection
	GlobalSection(SolutionProperties) = preSolution
		HideSolutionNode = FALSE
	EndGlobalSection
	GlobalSection(ExtensibilityGlobals) = postSolution
		SolutionGuid = {C1CB38CD-0306-4408-B793-C11E11F126AD}
	EndGlobalSection
EndGlobal
