
Microsoft Visual Studio Solution File, Format Version 12.00
# Visual Studio Version 17
VisualStudioVersion = 17.4.33110.190
MinimumVisualStudioVersion = 10.0.40219.1
Project("{FAE04EC0-301F-11D3-BF4B-00C04F79EFBC}") = "00-EjemploPOO", "00-EjemploPOO\00-EjemploPOO.csproj", "{C877A32C-A929-4AEF-B591-AF03933BF67E}"
EndProject
Global
	GlobalSection(SolutionConfigurationPlatforms) = preSolution
		Debug|Any CPU = Debug|Any CPU
		Release|Any CPU = Release|Any CPU
	EndGlobalSection
	GlobalSection(ProjectConfigurationPlatforms) = postSolution
		{C877A32C-A929-4AEF-B591-AF03933BF67E}.Debug|Any CPU.ActiveCfg = Debug|Any CPU
		{C877A32C-A929-4AEF-B591-AF03933BF67E}.Debug|Any CPU.Build.0 = Debug|Any CPU
		{C877A32C-A929-4AEF-B591-AF03933BF67E}.Release|Any CPU.ActiveCfg = Release|Any CPU
		{C877A32C-A929-4AEF-B591-AF03933BF67E}.Release|Any CPU.Build.0 = Release|Any CPU
	EndGlobalSection
	GlobalSection(SolutionProperties) = preSolution
		HideSolutionNode = FALSE
	EndGlobalSection
	GlobalSection(ExtensibilityGlobals) = postSolution
		SolutionGuid = {163210C0-534B-4524-9D52-D86B20EAF878}
	EndGlobalSection
EndGlobal
